// !$*UTF8*$!
{
	archiveVersion = 1;
	classes = {
	};
	objectVersion = 46;
	objects = {

/* Begin PBXBuildFile section */
		812CA6FE1AB79CF7000DB19C /* Crashlytics.framework in Frameworks */ = {isa = PBXBuildFile; fileRef = 812CA6FC1AB79CF7000DB19C /* Crashlytics.framework */; };
		812CA6FF1AB79CF7000DB19C /* Fabric.framework in Frameworks */ = {isa = PBXBuildFile; fileRef = 812CA6FD1AB79CF7000DB19C /* Fabric.framework */; };
		81DCA2BE1AC88E0400AFBC15 /* AudioToolbox.framework in Frameworks */ = {isa = PBXBuildFile; fileRef = 81DCA2BD1AC88E0400AFBC15 /* AudioToolbox.framework */; };
		81DCA2C21AC893B300AFBC15 /* AddressBookUI.framework in Frameworks */ = {isa = PBXBuildFile; fileRef = 81DCA2C11AC893B300AFBC15 /* AddressBookUI.framework */; };
		81ED61611ABF02EB00A76A62 /* CoreLocation.framework in Frameworks */ = {isa = PBXBuildFile; fileRef = 81ED61601ABF02EB00A76A62 /* CoreLocation.framework */; };
		81F7B2531AB650060028D42E /* Images.xcassets in Resources */ = {isa = PBXBuildFile; fileRef = 8D005F651AABBD5F00D75004 /* Images.xcassets */; };
		8D005F5E1AABBD5F00D75004 /* InterfaceController.m in Sources */ = {isa = PBXBuildFile; fileRef = 8D005F5D1AABBD5F00D75004 /* InterfaceController.m */; };
		8D005F611AABBD5F00D75004 /* NotificationController.m in Sources */ = {isa = PBXBuildFile; fileRef = 8D005F601AABBD5F00D75004 /* NotificationController.m */; };
		8D005F641AABBD5F00D75004 /* GlanceController.m in Sources */ = {isa = PBXBuildFile; fileRef = 8D005F631AABBD5F00D75004 /* GlanceController.m */; };
		8D005F661AABBD5F00D75004 /* Images.xcassets in Resources */ = {isa = PBXBuildFile; fileRef = 8D005F651AABBD5F00D75004 /* Images.xcassets */; };
		8D005F6A1AABBD5F00D75004 /* MayDay WatchKit App.app in Resources */ = {isa = PBXBuildFile; fileRef = 8D005F691AABBD5F00D75004 /* MayDay WatchKit App.app */; };
		8D005F721AABBD5F00D75004 /* Interface.storyboard in Resources */ = {isa = PBXBuildFile; fileRef = 8D005F701AABBD5F00D75004 /* Interface.storyboard */; };
		8D005F741AABBD5F00D75004 /* Images.xcassets in Resources */ = {isa = PBXBuildFile; fileRef = 8D005F731AABBD5F00D75004 /* Images.xcassets */; };
		8D005F771AABBD5F00D75004 /* MayDay WatchKit Extension.appex in Embed App Extensions */ = {isa = PBXBuildFile; fileRef = 8D005F571AABBD5F00D75004 /* MayDay WatchKit Extension.appex */; settings = {ATTRIBUTES = (RemoveHeadersOnCopy, ); }; };
		8D115E531AAABDFE0034F4CE /* warning.png in Resources */ = {isa = PBXBuildFile; fileRef = 8D115E521AAABDFE0034F4CE /* warning.png */; };
		8D3019D91AA40596000C4FF7 /* main.m in Sources */ = {isa = PBXBuildFile; fileRef = 8D3019D81AA40596000C4FF7 /* main.m */; };
		8D3019DC1AA40597000C4FF7 /* AppDelegate.m in Sources */ = {isa = PBXBuildFile; fileRef = 8D3019DB1AA40597000C4FF7 /* AppDelegate.m */; };
		8D3019DF1AA40597000C4FF7 /* MayDay.xcdatamodeld in Sources */ = {isa = PBXBuildFile; fileRef = 8D3019DD1AA40597000C4FF7 /* MayDay.xcdatamodeld */; };
		8D3019E21AA40597000C4FF7 /* ViewController.m in Sources */ = {isa = PBXBuildFile; fileRef = 8D3019E11AA40597000C4FF7 /* ViewController.m */; };
		8D3019E71AA40597000C4FF7 /* Images.xcassets in Resources */ = {isa = PBXBuildFile; fileRef = 8D3019E61AA40597000C4FF7 /* Images.xcassets */; };
		8D3019EA1AA40597000C4FF7 /* LaunchScreen.xib in Resources */ = {isa = PBXBuildFile; fileRef = 8D3019E81AA40597000C4FF7 /* LaunchScreen.xib */; };
		8D3019F61AA40598000C4FF7 /* MayDayTests.m in Sources */ = {isa = PBXBuildFile; fileRef = 8D3019F51AA40598000C4FF7 /* MayDayTests.m */; };
		8D301A041AA413D0000C4FF7 /* arrow_next.png in Resources */ = {isa = PBXBuildFile; fileRef = 8D301A031AA413D0000C4FF7 /* arrow_next.png */; };
		8D301A121AA419B5000C4FF7 /* help_de.json in Resources */ = {isa = PBXBuildFile; fileRef = 8D301A061AA419B4000C4FF7 /* help_de.json */; };
		8D301A131AA419B5000C4FF7 /* help_en.json in Resources */ = {isa = PBXBuildFile; fileRef = 8D301A071AA419B4000C4FF7 /* help_en.json */; };
		8D301A141AA419B5000C4FF7 /* help_es.json in Resources */ = {isa = PBXBuildFile; fileRef = 8D301A081AA419B4000C4FF7 /* help_es.json */; };
		8D301A151AA419B5000C4FF7 /* help_fr.json in Resources */ = {isa = PBXBuildFile; fileRef = 8D301A091AA419B4000C4FF7 /* help_fr.json */; };
		8D301A161AA419B5000C4FF7 /* help_ph.json in Resources */ = {isa = PBXBuildFile; fileRef = 8D301A0A1AA419B4000C4FF7 /* help_ph.json */; };
		8D301A171AA419B5000C4FF7 /* help_pt.json in Resources */ = {isa = PBXBuildFile; fileRef = 8D301A0B1AA419B4000C4FF7 /* help_pt.json */; };
		8D301A181AA419B5000C4FF7 /* mobile_de.json in Resources */ = {isa = PBXBuildFile; fileRef = 8D301A0C1AA419B4000C4FF7 /* mobile_de.json */; };
		8D301A191AA419B5000C4FF7 /* mobile_en.json in Resources */ = {isa = PBXBuildFile; fileRef = 8D301A0D1AA419B4000C4FF7 /* mobile_en.json */; };
		8D301A1A1AA419B5000C4FF7 /* mobile_es.json in Resources */ = {isa = PBXBuildFile; fileRef = 8D301A0E1AA419B4000C4FF7 /* mobile_es.json */; };
		8D301A1B1AA419B5000C4FF7 /* mobile_fr.json in Resources */ = {isa = PBXBuildFile; fileRef = 8D301A0F1AA419B4000C4FF7 /* mobile_fr.json */; };
		8D301A1C1AA419B5000C4FF7 /* mobile_ph.json in Resources */ = {isa = PBXBuildFile; fileRef = 8D301A101AA419B4000C4FF7 /* mobile_ph.json */; };
		8D301A1D1AA419B5000C4FF7 /* mobile_pt.json in Resources */ = {isa = PBXBuildFile; fileRef = 8D301A111AA419B4000C4FF7 /* mobile_pt.json */; };
		8D3FD4831AAD1C4A00E8A5F5 /* Main.storyboard in Resources */ = {isa = PBXBuildFile; fileRef = 8D3FD4811AAD1C4A00E8A5F5 /* Main.storyboard */; };
		8D3FD4911AAD3A3200E8A5F5 /* back.png in Resources */ = {isa = PBXBuildFile; fileRef = 8D3FD48A1AAD3A3200E8A5F5 /* back.png */; };
		8D3FD4921AAD3A3200E8A5F5 /* circle_drop_shadow_30p_stroke.png in Resources */ = {isa = PBXBuildFile; fileRef = 8D3FD48B1AAD3A3200E8A5F5 /* circle_drop_shadow_30p_stroke.png */; };
		8D3FD4931AAD3A3200E8A5F5 /* circle_drop_shadow_30p.png in Resources */ = {isa = PBXBuildFile; fileRef = 8D3FD48C1AAD3A3200E8A5F5 /* circle_drop_shadow_30p.png */; };
		8D3FD4941AAD3A3200E8A5F5 /* circle_drop_shadow_60p_stroke.png in Resources */ = {isa = PBXBuildFile; fileRef = 8D3FD48D1AAD3A3200E8A5F5 /* circle_drop_shadow_60p_stroke.png */; };
		8D3FD4951AAD3A3200E8A5F5 /* circle_drop_shadow.png in Resources */ = {isa = PBXBuildFile; fileRef = 8D3FD48E1AAD3A3200E8A5F5 /* circle_drop_shadow.png */; };
		8D3FD4961AAD3A3200E8A5F5 /* circle_solid_30p.png in Resources */ = {isa = PBXBuildFile; fileRef = 8D3FD48F1AAD3A3200E8A5F5 /* circle_solid_30p.png */; };
		8D3FD4971AAD3A3200E8A5F5 /* circle_solid.png in Resources */ = {isa = PBXBuildFile; fileRef = 8D3FD4901AAD3A3200E8A5F5 /* circle_solid.png */; };
		8D3FD4A31AAD3A8600E8A5F5 /* next.png in Resources */ = {isa = PBXBuildFile; fileRef = 8D3FD4981AAD3A8600E8A5F5 /* next.png */; };
		8D3FD4A41AAD3A8600E8A5F5 /* plus.png in Resources */ = {isa = PBXBuildFile; fileRef = 8D3FD4991AAD3A8600E8A5F5 /* plus.png */; };
		8D3FD4A51AAD3A8600E8A5F5 /* save.png in Resources */ = {isa = PBXBuildFile; fileRef = 8D3FD49A1AAD3A8600E8A5F5 /* save.png */; };
		8D3FD4A71AAD3A8600E8A5F5 /* socialperson.png in Resources */ = {isa = PBXBuildFile; fileRef = 8D3FD49C1AAD3A8600E8A5F5 /* socialperson.png */; };
		8D3FD4A81AAD3A8600E8A5F5 /* target.png in Resources */ = {isa = PBXBuildFile; fileRef = 8D3FD49D1AAD3A8600E8A5F5 /* target.png */; };
		8D3FD4A91AAD3A8600E8A5F5 /* texture.jpg in Resources */ = {isa = PBXBuildFile; fileRef = 8D3FD49E1AAD3A8600E8A5F5 /* texture.jpg */; };
		8D3FD4AA1AAD3A8600E8A5F5 /* tick_green.png in Resources */ = {isa = PBXBuildFile; fileRef = 8D3FD49F1AAD3A8600E8A5F5 /* tick_green.png */; };
		8D3FD4AB1AAD3A8600E8A5F5 /* wizard_active.png in Resources */ = {isa = PBXBuildFile; fileRef = 8D3FD4A01AAD3A8600E8A5F5 /* wizard_active.png */; };
		8D3FD4AD1AAD3A8600E8A5F5 /* wizard_inactive.png in Resources */ = {isa = PBXBuildFile; fileRef = 8D3FD4A21AAD3A8600E8A5F5 /* wizard_inactive.png */; };
		8D99C6DC1AB50CDD00E0ACB0 /* 320x480_iOS.jpg in Resources */ = {isa = PBXBuildFile; fileRef = 8D99C6D51AB50CDD00E0ACB0 /* 320x480_iOS.jpg */; };
		8D99C6DD1AB50CDD00E0ACB0 /* 640x960_iOS.jpg in Resources */ = {isa = PBXBuildFile; fileRef = 8D99C6D61AB50CDD00E0ACB0 /* 640x960_iOS.jpg */; };
		8D99C6DE1AB50CDD00E0ACB0 /* 640x1136_iOS.jpg in Resources */ = {isa = PBXBuildFile; fileRef = 8D99C6D71AB50CDD00E0ACB0 /* 640x1136_iOS.jpg */; };
		8D99C6DF1AB50CDD00E0ACB0 /* 750x1334_iOS.jpg in Resources */ = {isa = PBXBuildFile; fileRef = 8D99C6D81AB50CDD00E0ACB0 /* 750x1334_iOS.jpg */; };
		8D99C6E01AB50CDD00E0ACB0 /* 768x1024_iOS.jpg in Resources */ = {isa = PBXBuildFile; fileRef = 8D99C6D91AB50CDD00E0ACB0 /* 768x1024_iOS.jpg */; };
		8D99C6E11AB50CDD00E0ACB0 /* 1242x2208_iOS.jpg in Resources */ = {isa = PBXBuildFile; fileRef = 8D99C6DA1AB50CDD00E0ACB0 /* 1242x2208_iOS.jpg */; };
		8D99C6E21AB50CDD00E0ACB0 /* 1536x2048_iOS.jpg in Resources */ = {isa = PBXBuildFile; fileRef = 8D99C6DB1AB50CDD00E0ACB0 /* 1536x2048_iOS.jpg */; };
		8D99C6E41AB5144F00E0ACB0 /* state_settings_480x50.jpg in Resources */ = {isa = PBXBuildFile; fileRef = 8D99C6E31AB5144F00E0ACB0 /* state_settings_480x50.jpg */; };
		8D99C6E51AB520F700E0ACB0 /* moms_typewriter.ttf in Resources */ = {isa = PBXBuildFile; fileRef = 8D301A021AA40FD4000C4FF7 /* moms_typewriter.ttf */; };
/* End PBXBuildFile section */

/* Begin PBXContainerItemProxy section */
		8120504A1AB698B2005C7B32 /* PBXContainerItemProxy */ = {
			isa = PBXContainerItemProxy;
			containerPortal = 8D3019CB1AA40596000C4FF7 /* Project object */;
			proxyType = 1;
			remoteGlobalIDString = 8D005F561AABBD5F00D75004;
			remoteInfo = "MayDay WatchKit Extension";
		};
		8D005F6B1AABBD5F00D75004 /* PBXContainerItemProxy */ = {
			isa = PBXContainerItemProxy;
			containerPortal = 8D3019CB1AA40596000C4FF7 /* Project object */;
			proxyType = 1;
			remoteGlobalIDString = 8D005F681AABBD5F00D75004;
			remoteInfo = "MayDay WatchKit App";
		};
		8D3019F01AA40597000C4FF7 /* PBXContainerItemProxy */ = {
			isa = PBXContainerItemProxy;
			containerPortal = 8D3019CB1AA40596000C4FF7 /* Project object */;
			proxyType = 1;
			remoteGlobalIDString = 8D3019D21AA40596000C4FF7;
			remoteInfo = MayDay;
		};
/* End PBXContainerItemProxy section */

/* Begin PBXCopyFilesBuildPhase section */
		8D005F7E1AABBD5F00D75004 /* Embed App Extensions */ = {
			isa = PBXCopyFilesBuildPhase;
			buildActionMask = 2147483647;
			dstPath = "";
			dstSubfolderSpec = 13;
			files = (
				8D005F771AABBD5F00D75004 /* MayDay WatchKit Extension.appex in Embed App Extensions */,
			);
			name = "Embed App Extensions";
			runOnlyForDeploymentPostprocessing = 0;
		};
/* End PBXCopyFilesBuildPhase section */

/* Begin PBXFileReference section */
		812CA6FC1AB79CF7000DB19C /* Crashlytics.framework */ = {isa = PBXFileReference; lastKnownFileType = wrapper.framework; path = Crashlytics.framework; sourceTree = "<group>"; };
		812CA6FD1AB79CF7000DB19C /* Fabric.framework */ = {isa = PBXFileReference; lastKnownFileType = wrapper.framework; path = Fabric.framework; sourceTree = "<group>"; };
		81DCA2BD1AC88E0400AFBC15 /* AudioToolbox.framework */ = {isa = PBXFileReference; lastKnownFileType = wrapper.framework; name = AudioToolbox.framework; path = System/Library/Frameworks/AudioToolbox.framework; sourceTree = SDKROOT; };
		81DCA2BF1AC8932B00AFBC15 /* AddressBook.framework */ = {isa = PBXFileReference; lastKnownFileType = wrapper.framework; name = AddressBook.framework; path = System/Library/Frameworks/AddressBook.framework; sourceTree = SDKROOT; };
		81DCA2C11AC893B300AFBC15 /* AddressBookUI.framework */ = {isa = PBXFileReference; lastKnownFileType = wrapper.framework; name = AddressBookUI.framework; path = System/Library/Frameworks/AddressBookUI.framework; sourceTree = SDKROOT; };
		81ED61601ABF02EB00A76A62 /* CoreLocation.framework */ = {isa = PBXFileReference; lastKnownFileType = wrapper.framework; name = CoreLocation.framework; path = System/Library/Frameworks/CoreLocation.framework; sourceTree = SDKROOT; };
		81ED61621ABF035400A76A62 /* DetailViewController.h */ = {isa = PBXFileReference; lastKnownFileType = sourcecode.c.h; path = DetailViewController.h; sourceTree = "<group>"; };
		81F7B2541AB650680028D42E /* MayDay_LaunchImage_320x480_iOS.png */ = {isa = PBXFileReference; lastKnownFileType = image.png; name = MayDay_LaunchImage_320x480_iOS.png; path = "../../../Dropbox/MayDay-Copy/iOS/LaunchImage - iOS/MayDay_LaunchImage_320x480_iOS.png"; sourceTree = "<group>"; };
		81F7B2551AB650680028D42E /* MayDay_LaunchImage_640x960_iOS.png */ = {isa = PBXFileReference; lastKnownFileType = image.png; name = MayDay_LaunchImage_640x960_iOS.png; path = "../../../Dropbox/MayDay-Copy/iOS/LaunchImage - iOS/MayDay_LaunchImage_640x960_iOS.png"; sourceTree = "<group>"; };
		81F7B2561AB650680028D42E /* MayDay_LaunchImage_640x1136_iOS.png */ = {isa = PBXFileReference; lastKnownFileType = image.png; name = MayDay_LaunchImage_640x1136_iOS.png; path = "../../../Dropbox/MayDay-Copy/iOS/LaunchImage - iOS/MayDay_LaunchImage_640x1136_iOS.png"; sourceTree = "<group>"; };
		81F7B2571AB650680028D42E /* MayDay_LaunchImage_750x1334_iOS.png */ = {isa = PBXFileReference; lastKnownFileType = image.png; name = MayDay_LaunchImage_750x1334_iOS.png; path = "../../../Dropbox/MayDay-Copy/iOS/LaunchImage - iOS/MayDay_LaunchImage_750x1334_iOS.png"; sourceTree = "<group>"; };
		81F7B2581AB650680028D42E /* MayDay_LaunchImage_768x1024_iOS.png */ = {isa = PBXFileReference; lastKnownFileType = image.png; name = MayDay_LaunchImage_768x1024_iOS.png; path = "../../../Dropbox/MayDay-Copy/iOS/LaunchImage - iOS/MayDay_LaunchImage_768x1024_iOS.png"; sourceTree = "<group>"; };
		81F7B2591AB650680028D42E /* MayDay_LaunchImage_1242x2208_iOS.png */ = {isa = PBXFileReference; lastKnownFileType = image.png; name = MayDay_LaunchImage_1242x2208_iOS.png; path = "../../../Dropbox/MayDay-Copy/iOS/LaunchImage - iOS/MayDay_LaunchImage_1242x2208_iOS.png"; sourceTree = "<group>"; };
		81F7B25A1AB650680028D42E /* MayDay_LaunchImage_1536x2048_iOS.png */ = {isa = PBXFileReference; lastKnownFileType = image.png; name = MayDay_LaunchImage_1536x2048_iOS.png; path = "../../../Dropbox/MayDay-Copy/iOS/LaunchImage - iOS/MayDay_LaunchImage_1536x2048_iOS.png"; sourceTree = "<group>"; };
		8D005F571AABBD5F00D75004 /* MayDay WatchKit Extension.appex */ = {isa = PBXFileReference; explicitFileType = "wrapper.app-extension"; includeInIndex = 0; path = "MayDay WatchKit Extension.appex"; sourceTree = BUILT_PRODUCTS_DIR; };
		8D005F5A1AABBD5F00D75004 /* Info.plist */ = {isa = PBXFileReference; lastKnownFileType = text.plist.xml; path = Info.plist; sourceTree = "<group>"; };
		8D005F5B1AABBD5F00D75004 /* PushNotificationPayload.apns */ = {isa = PBXFileReference; lastKnownFileType = text; path = PushNotificationPayload.apns; sourceTree = "<group>"; };
		8D005F5C1AABBD5F00D75004 /* InterfaceController.h */ = {isa = PBXFileReference; lastKnownFileType = sourcecode.c.h; path = InterfaceController.h; sourceTree = "<group>"; };
		8D005F5D1AABBD5F00D75004 /* InterfaceController.m */ = {isa = PBXFileReference; lastKnownFileType = sourcecode.c.objc; path = InterfaceController.m; sourceTree = "<group>"; };
		8D005F5F1AABBD5F00D75004 /* NotificationController.h */ = {isa = PBXFileReference; lastKnownFileType = sourcecode.c.h; path = NotificationController.h; sourceTree = "<group>"; };
		8D005F601AABBD5F00D75004 /* NotificationController.m */ = {isa = PBXFileReference; lastKnownFileType = sourcecode.c.objc; path = NotificationController.m; sourceTree = "<group>"; };
		8D005F621AABBD5F00D75004 /* GlanceController.h */ = {isa = PBXFileReference; lastKnownFileType = sourcecode.c.h; path = GlanceController.h; sourceTree = "<group>"; };
		8D005F631AABBD5F00D75004 /* GlanceController.m */ = {isa = PBXFileReference; lastKnownFileType = sourcecode.c.objc; path = GlanceController.m; sourceTree = "<group>"; };
		8D005F651AABBD5F00D75004 /* Images.xcassets */ = {isa = PBXFileReference; lastKnownFileType = folder.assetcatalog; path = Images.xcassets; sourceTree = "<group>"; };
		8D005F691AABBD5F00D75004 /* MayDay WatchKit App.app */ = {isa = PBXFileReference; explicitFileType = wrapper.application; includeInIndex = 0; path = "MayDay WatchKit App.app"; sourceTree = BUILT_PRODUCTS_DIR; };
		8D005F6F1AABBD5F00D75004 /* Info.plist */ = {isa = PBXFileReference; lastKnownFileType = text.plist.xml; path = Info.plist; sourceTree = "<group>"; };
		8D005F711AABBD5F00D75004 /* Base */ = {isa = PBXFileReference; lastKnownFileType = file.storyboard; name = Base; path = Base.lproj/Interface.storyboard; sourceTree = "<group>"; };
		8D005F731AABBD5F00D75004 /* Images.xcassets */ = {isa = PBXFileReference; lastKnownFileType = folder.assetcatalog; path = Images.xcassets; sourceTree = "<group>"; };
		8D115E521AAABDFE0034F4CE /* warning.png */ = {isa = PBXFileReference; lastKnownFileType = image.png; path = warning.png; sourceTree = "<group>"; };
		8D3019D31AA40596000C4FF7 /* MayDay.app */ = {isa = PBXFileReference; explicitFileType = wrapper.application; includeInIndex = 0; path = MayDay.app; sourceTree = BUILT_PRODUCTS_DIR; };
		8D3019D71AA40596000C4FF7 /* Info.plist */ = {isa = PBXFileReference; lastKnownFileType = text.plist.xml; path = Info.plist; sourceTree = "<group>"; };
		8D3019D81AA40596000C4FF7 /* main.m */ = {isa = PBXFileReference; lastKnownFileType = sourcecode.c.objc; path = main.m; sourceTree = "<group>"; };
		8D3019DA1AA40596000C4FF7 /* AppDelegate.h */ = {isa = PBXFileReference; lastKnownFileType = sourcecode.c.h; path = AppDelegate.h; sourceTree = "<group>"; };
		8D3019DB1AA40597000C4FF7 /* AppDelegate.m */ = {isa = PBXFileReference; lastKnownFileType = sourcecode.c.objc; path = AppDelegate.m; sourceTree = "<group>"; };
		8D3019DE1AA40597000C4FF7 /* MayDay.xcdatamodel */ = {isa = PBXFileReference; lastKnownFileType = wrapper.xcdatamodel; path = MayDay.xcdatamodel; sourceTree = "<group>"; };
		8D3019E01AA40597000C4FF7 /* ViewController.h */ = {isa = PBXFileReference; lastKnownFileType = sourcecode.c.h; path = ViewController.h; sourceTree = "<group>"; };
		8D3019E11AA40597000C4FF7 /* ViewController.m */ = {isa = PBXFileReference; lastKnownFileType = sourcecode.c.objc; path = ViewController.m; sourceTree = "<group>"; };
		8D3019E61AA40597000C4FF7 /* Images.xcassets */ = {isa = PBXFileReference; lastKnownFileType = folder.assetcatalog; path = Images.xcassets; sourceTree = "<group>"; };
		8D3019E91AA40597000C4FF7 /* Base */ = {isa = PBXFileReference; lastKnownFileType = file.xib; name = Base; path = Base.lproj/LaunchScreen.xib; sourceTree = "<group>"; };
		8D3019EF1AA40597000C4FF7 /* MayDayTests.xctest */ = {isa = PBXFileReference; explicitFileType = wrapper.cfbundle; includeInIndex = 0; path = MayDayTests.xctest; sourceTree = BUILT_PRODUCTS_DIR; };
		8D3019F41AA40598000C4FF7 /* Info.plist */ = {isa = PBXFileReference; lastKnownFileType = text.plist.xml; path = Info.plist; sourceTree = "<group>"; };
		8D3019F51AA40598000C4FF7 /* MayDayTests.m */ = {isa = PBXFileReference; lastKnownFileType = sourcecode.c.objc; path = MayDayTests.m; sourceTree = "<group>"; };
		8D301A021AA40FD4000C4FF7 /* moms_typewriter.ttf */ = {isa = PBXFileReference; lastKnownFileType = file; path = moms_typewriter.ttf; sourceTree = "<group>"; };
		8D301A031AA413D0000C4FF7 /* arrow_next.png */ = {isa = PBXFileReference; lastKnownFileType = image.png; path = arrow_next.png; sourceTree = "<group>"; };
		8D301A061AA419B4000C4FF7 /* help_de.json */ = {isa = PBXFileReference; fileEncoding = 4; lastKnownFileType = text.json; path = help_de.json; sourceTree = "<group>"; };
		8D301A071AA419B4000C4FF7 /* help_en.json */ = {isa = PBXFileReference; fileEncoding = 4; lastKnownFileType = text.json; path = help_en.json; sourceTree = "<group>"; };
		8D301A081AA419B4000C4FF7 /* help_es.json */ = {isa = PBXFileReference; fileEncoding = 4; lastKnownFileType = text.json; path = help_es.json; sourceTree = "<group>"; };
		8D301A091AA419B4000C4FF7 /* help_fr.json */ = {isa = PBXFileReference; fileEncoding = 4; lastKnownFileType = text.json; path = help_fr.json; sourceTree = "<group>"; };
		8D301A0A1AA419B4000C4FF7 /* help_ph.json */ = {isa = PBXFileReference; fileEncoding = 4; lastKnownFileType = text.json; path = help_ph.json; sourceTree = "<group>"; };
		8D301A0B1AA419B4000C4FF7 /* help_pt.json */ = {isa = PBXFileReference; fileEncoding = 4; lastKnownFileType = text.json; path = help_pt.json; sourceTree = "<group>"; };
		8D301A0C1AA419B4000C4FF7 /* mobile_de.json */ = {isa = PBXFileReference; fileEncoding = 4; lastKnownFileType = text.json; path = mobile_de.json; sourceTree = "<group>"; };
		8D301A0D1AA419B4000C4FF7 /* mobile_en.json */ = {isa = PBXFileReference; fileEncoding = 4; lastKnownFileType = text.json; path = mobile_en.json; sourceTree = "<group>"; };
		8D301A0E1AA419B4000C4FF7 /* mobile_es.json */ = {isa = PBXFileReference; fileEncoding = 4; lastKnownFileType = text.json; path = mobile_es.json; sourceTree = "<group>"; };
		8D301A0F1AA419B4000C4FF7 /* mobile_fr.json */ = {isa = PBXFileReference; fileEncoding = 4; lastKnownFileType = text.json; path = mobile_fr.json; sourceTree = "<group>"; };
		8D301A101AA419B4000C4FF7 /* mobile_ph.json */ = {isa = PBXFileReference; fileEncoding = 4; lastKnownFileType = text.json; path = mobile_ph.json; sourceTree = "<group>"; };
		8D301A111AA419B4000C4FF7 /* mobile_pt.json */ = {isa = PBXFileReference; fileEncoding = 4; lastKnownFileType = text.json; path = mobile_pt.json; sourceTree = "<group>"; };
		8D3FD4821AAD1C4A00E8A5F5 /* Base */ = {isa = PBXFileReference; lastKnownFileType = file.storyboard; name = Base; path = Base.lproj/Main.storyboard; sourceTree = "<group>"; };
		8D3FD48A1AAD3A3200E8A5F5 /* back.png */ = {isa = PBXFileReference; lastKnownFileType = image.png; path = back.png; sourceTree = "<group>"; };
		8D3FD48B1AAD3A3200E8A5F5 /* circle_drop_shadow_30p_stroke.png */ = {isa = PBXFileReference; lastKnownFileType = image.png; path = circle_drop_shadow_30p_stroke.png; sourceTree = "<group>"; };
		8D3FD48C1AAD3A3200E8A5F5 /* circle_drop_shadow_30p.png */ = {isa = PBXFileReference; lastKnownFileType = image.png; path = circle_drop_shadow_30p.png; sourceTree = "<group>"; };
		8D3FD48D1AAD3A3200E8A5F5 /* circle_drop_shadow_60p_stroke.png */ = {isa = PBXFileReference; lastKnownFileType = image.png; path = circle_drop_shadow_60p_stroke.png; sourceTree = "<group>"; };
		8D3FD48E1AAD3A3200E8A5F5 /* circle_drop_shadow.png */ = {isa = PBXFileReference; lastKnownFileType = image.png; path = circle_drop_shadow.png; sourceTree = "<group>"; };
		8D3FD48F1AAD3A3200E8A5F5 /* circle_solid_30p.png */ = {isa = PBXFileReference; lastKnownFileType = image.png; path = circle_solid_30p.png; sourceTree = "<group>"; };
		8D3FD4901AAD3A3200E8A5F5 /* circle_solid.png */ = {isa = PBXFileReference; lastKnownFileType = image.png; path = circle_solid.png; sourceTree = "<group>"; };
		8D3FD4981AAD3A8600E8A5F5 /* next.png */ = {isa = PBXFileReference; lastKnownFileType = image.png; path = next.png; sourceTree = "<group>"; };
		8D3FD4991AAD3A8600E8A5F5 /* plus.png */ = {isa = PBXFileReference; lastKnownFileType = image.png; path = plus.png; sourceTree = "<group>"; };
		8D3FD49A1AAD3A8600E8A5F5 /* save.png */ = {isa = PBXFileReference; lastKnownFileType = image.png; path = save.png; sourceTree = "<group>"; };
		8D3FD49C1AAD3A8600E8A5F5 /* socialperson.png */ = {isa = PBXFileReference; lastKnownFileType = image.png; path = socialperson.png; sourceTree = "<group>"; };
		8D3FD49D1AAD3A8600E8A5F5 /* target.png */ = {isa = PBXFileReference; lastKnownFileType = image.png; path = target.png; sourceTree = "<group>"; };
		8D3FD49E1AAD3A8600E8A5F5 /* texture.jpg */ = {isa = PBXFileReference; lastKnownFileType = image.jpeg; path = texture.jpg; sourceTree = "<group>"; };
		8D3FD49F1AAD3A8600E8A5F5 /* tick_green.png */ = {isa = PBXFileReference; lastKnownFileType = image.png; path = tick_green.png; sourceTree = "<group>"; };
		8D3FD4A01AAD3A8600E8A5F5 /* wizard_active.png */ = {isa = PBXFileReference; lastKnownFileType = image.png; path = wizard_active.png; sourceTree = "<group>"; };
		8D3FD4A21AAD3A8600E8A5F5 /* wizard_inactive.png */ = {isa = PBXFileReference; lastKnownFileType = image.png; path = wizard_inactive.png; sourceTree = "<group>"; };
		8D99C6D51AB50CDD00E0ACB0 /* 320x480_iOS.jpg */ = {isa = PBXFileReference; lastKnownFileType = image.jpeg; path = 320x480_iOS.jpg; sourceTree = "<group>"; };
		8D99C6D61AB50CDD00E0ACB0 /* 640x960_iOS.jpg */ = {isa = PBXFileReference; lastKnownFileType = image.jpeg; path = 640x960_iOS.jpg; sourceTree = "<group>"; };
		8D99C6D71AB50CDD00E0ACB0 /* 640x1136_iOS.jpg */ = {isa = PBXFileReference; lastKnownFileType = image.jpeg; path = 640x1136_iOS.jpg; sourceTree = "<group>"; };
		8D99C6D81AB50CDD00E0ACB0 /* 750x1334_iOS.jpg */ = {isa = PBXFileReference; lastKnownFileType = image.jpeg; path = 750x1334_iOS.jpg; sourceTree = "<group>"; };
		8D99C6D91AB50CDD00E0ACB0 /* 768x1024_iOS.jpg */ = {isa = PBXFileReference; lastKnownFileType = image.jpeg; path = 768x1024_iOS.jpg; sourceTree = "<group>"; };
		8D99C6DA1AB50CDD00E0ACB0 /* 1242x2208_iOS.jpg */ = {isa = PBXFileReference; lastKnownFileType = image.jpeg; path = 1242x2208_iOS.jpg; sourceTree = "<group>"; };
		8D99C6DB1AB50CDD00E0ACB0 /* 1536x2048_iOS.jpg */ = {isa = PBXFileReference; lastKnownFileType = image.jpeg; path = 1536x2048_iOS.jpg; sourceTree = "<group>"; };
		8D99C6E31AB5144F00E0ACB0 /* state_settings_480x50.jpg */ = {isa = PBXFileReference; lastKnownFileType = image.jpeg; path = state_settings_480x50.jpg; sourceTree = "<group>"; };
/* End PBXFileReference section */

/* Begin PBXFrameworksBuildPhase section */
		8D005F541AABBD5F00D75004 /* Frameworks */ = {
			isa = PBXFrameworksBuildPhase;
			buildActionMask = 2147483647;
			files = (
			);
			runOnlyForDeploymentPostprocessing = 0;
		};
		8D3019D01AA40596000C4FF7 /* Frameworks */ = {
			isa = PBXFrameworksBuildPhase;
			buildActionMask = 2147483647;
			files = (
				81DCA2C21AC893B300AFBC15 /* AddressBookUI.framework in Frameworks */,
				81DCA2BE1AC88E0400AFBC15 /* AudioToolbox.framework in Frameworks */,
				81ED61611ABF02EB00A76A62 /* CoreLocation.framework in Frameworks */,
				812CA6FE1AB79CF7000DB19C /* Crashlytics.framework in Frameworks */,
				812CA6FF1AB79CF7000DB19C /* Fabric.framework in Frameworks */,
			);
			runOnlyForDeploymentPostprocessing = 0;
		};
		8D3019EC1AA40597000C4FF7 /* Frameworks */ = {
			isa = PBXFrameworksBuildPhase;
			buildActionMask = 2147483647;
			files = (
			);
			runOnlyForDeploymentPostprocessing = 0;
		};
/* End PBXFrameworksBuildPhase section */

/* Begin PBXGroup section */
		8D005F581AABBD5F00D75004 /* MayDay WatchKit Extension */ = {
			isa = PBXGroup;
			children = (
				8D005F5C1AABBD5F00D75004 /* InterfaceController.h */,
				8D005F5D1AABBD5F00D75004 /* InterfaceController.m */,
				8D005F5F1AABBD5F00D75004 /* NotificationController.h */,
				8D005F601AABBD5F00D75004 /* NotificationController.m */,
				8D005F621AABBD5F00D75004 /* GlanceController.h */,
				8D005F631AABBD5F00D75004 /* GlanceController.m */,
				8D005F651AABBD5F00D75004 /* Images.xcassets */,
				8D005F591AABBD5F00D75004 /* Supporting Files */,
			);
			path = "MayDay WatchKit Extension";
			sourceTree = "<group>";
		};
		8D005F591AABBD5F00D75004 /* Supporting Files */ = {
			isa = PBXGroup;
			children = (
				8D005F5A1AABBD5F00D75004 /* Info.plist */,
				8D005F5B1AABBD5F00D75004 /* PushNotificationPayload.apns */,
			);
			name = "Supporting Files";
			sourceTree = "<group>";
		};
		8D005F6D1AABBD5F00D75004 /* MayDay WatchKit App */ = {
			isa = PBXGroup;
			children = (
				8D005F701AABBD5F00D75004 /* Interface.storyboard */,
				8D005F731AABBD5F00D75004 /* Images.xcassets */,
				8D005F6E1AABBD5F00D75004 /* Supporting Files */,
			);
			path = "MayDay WatchKit App";
			sourceTree = "<group>";
		};
		8D005F6E1AABBD5F00D75004 /* Supporting Files */ = {
			isa = PBXGroup;
			children = (
				8D005F6F1AABBD5F00D75004 /* Info.plist */,
			);
			name = "Supporting Files";
			sourceTree = "<group>";
		};
		8D3019CA1AA40596000C4FF7 = {
			isa = PBXGroup;
			children = (
				81DCA2C11AC893B300AFBC15 /* AddressBookUI.framework */,
				81DCA2BF1AC8932B00AFBC15 /* AddressBook.framework */,
				81DCA2BD1AC88E0400AFBC15 /* AudioToolbox.framework */,
				81ED61601ABF02EB00A76A62 /* CoreLocation.framework */,
				812CA6FC1AB79CF7000DB19C /* Crashlytics.framework */,
				812CA6FD1AB79CF7000DB19C /* Fabric.framework */,
				8D3019D51AA40596000C4FF7 /* MayDay */,
				8D3019F21AA40597000C4FF7 /* MayDayTests */,
				8D005F581AABBD5F00D75004 /* MayDay WatchKit Extension */,
				8D005F6D1AABBD5F00D75004 /* MayDay WatchKit App */,
				8D3019D41AA40596000C4FF7 /* Products */,
			);
			sourceTree = "<group>";
		};
		8D3019D41AA40596000C4FF7 /* Products */ = {
			isa = PBXGroup;
			children = (
				8D3019D31AA40596000C4FF7 /* MayDay.app */,
				8D3019EF1AA40597000C4FF7 /* MayDayTests.xctest */,
				8D005F571AABBD5F00D75004 /* MayDay WatchKit Extension.appex */,
				8D005F691AABBD5F00D75004 /* MayDay WatchKit App.app */,
			);
			name = Products;
			sourceTree = "<group>";
		};
		8D3019D51AA40596000C4FF7 /* MayDay */ = {
			isa = PBXGroup;
			children = (
				8D3FD4811AAD1C4A00E8A5F5 /* Main.storyboard */,
				8D3019FF1AA40A35000C4FF7 /* Resources */,
				8D3019DA1AA40596000C4FF7 /* AppDelegate.h */,
				8D3019DB1AA40597000C4FF7 /* AppDelegate.m */,
				8D3019E01AA40597000C4FF7 /* ViewController.h */,
				8D3019E11AA40597000C4FF7 /* ViewController.m */,
				8D3019E61AA40597000C4FF7 /* Images.xcassets */,
				8D3019E81AA40597000C4FF7 /* LaunchScreen.xib */,
				8D3019DD1AA40597000C4FF7 /* MayDay.xcdatamodeld */,
				8D3019D61AA40596000C4FF7 /* Supporting Files */,
				81ED61621ABF035400A76A62 /* DetailViewController.h */,
			);
			path = MayDay;
			sourceTree = "<group>";
		};
		8D3019D61AA40596000C4FF7 /* Supporting Files */ = {
			isa = PBXGroup;
			children = (
				8D3019D71AA40596000C4FF7 /* Info.plist */,
				8D3019D81AA40596000C4FF7 /* main.m */,
			);
			name = "Supporting Files";
			sourceTree = "<group>";
		};
		8D3019F21AA40597000C4FF7 /* MayDayTests */ = {
			isa = PBXGroup;
			children = (
				8D3019F51AA40598000C4FF7 /* MayDayTests.m */,
				8D3019F31AA40598000C4FF7 /* Supporting Files */,
			);
			path = MayDayTests;
			sourceTree = "<group>";
		};
		8D3019F31AA40598000C4FF7 /* Supporting Files */ = {
			isa = PBXGroup;
			children = (
				8D3019F41AA40598000C4FF7 /* Info.plist */,
			);
			name = "Supporting Files";
			sourceTree = "<group>";
		};
		8D3019FF1AA40A35000C4FF7 /* Resources */ = {
			isa = PBXGroup;
			children = (
				8D301A051AA41989000C4FF7 /* Locales */,
				8D301A011AA40A49000C4FF7 /* Images */,
				8D301A001AA40A3F000C4FF7 /* Fonts */,
			);
			name = Resources;
			sourceTree = "<group>";
		};
		8D301A001AA40A3F000C4FF7 /* Fonts */ = {
			isa = PBXGroup;
			children = (
				8D301A021AA40FD4000C4FF7 /* moms_typewriter.ttf */,
			);
			name = Fonts;
			sourceTree = "<group>";
		};
		8D301A011AA40A49000C4FF7 /* Images */ = {
			isa = PBXGroup;
			children = (
				81F7B2541AB650680028D42E /* MayDay_LaunchImage_320x480_iOS.png */,
				81F7B2551AB650680028D42E /* MayDay_LaunchImage_640x960_iOS.png */,
				81F7B2561AB650680028D42E /* MayDay_LaunchImage_640x1136_iOS.png */,
				81F7B2571AB650680028D42E /* MayDay_LaunchImage_750x1334_iOS.png */,
				81F7B2581AB650680028D42E /* MayDay_LaunchImage_768x1024_iOS.png */,
				81F7B2591AB650680028D42E /* MayDay_LaunchImage_1242x2208_iOS.png */,
				81F7B25A1AB650680028D42E /* MayDay_LaunchImage_1536x2048_iOS.png */,
				8D99C6E31AB5144F00E0ACB0 /* state_settings_480x50.jpg */,
				8D99C6D51AB50CDD00E0ACB0 /* 320x480_iOS.jpg */,
				8D99C6D61AB50CDD00E0ACB0 /* 640x960_iOS.jpg */,
				8D99C6D71AB50CDD00E0ACB0 /* 640x1136_iOS.jpg */,
				8D99C6D81AB50CDD00E0ACB0 /* 750x1334_iOS.jpg */,
				8D99C6D91AB50CDD00E0ACB0 /* 768x1024_iOS.jpg */,
				8D99C6DA1AB50CDD00E0ACB0 /* 1242x2208_iOS.jpg */,
				8D99C6DB1AB50CDD00E0ACB0 /* 1536x2048_iOS.jpg */,
				8D3FD4981AAD3A8600E8A5F5 /* next.png */,
				8D3FD4991AAD3A8600E8A5F5 /* plus.png */,
				8D3FD49A1AAD3A8600E8A5F5 /* save.png */,
				8D3FD49C1AAD3A8600E8A5F5 /* socialperson.png */,
				8D3FD49D1AAD3A8600E8A5F5 /* target.png */,
				8D3FD49E1AAD3A8600E8A5F5 /* texture.jpg */,
				8D3FD49F1AAD3A8600E8A5F5 /* tick_green.png */,
				8D3FD4A01AAD3A8600E8A5F5 /* wizard_active.png */,
				8D3FD4A21AAD3A8600E8A5F5 /* wizard_inactive.png */,
				8D3FD48A1AAD3A3200E8A5F5 /* back.png */,
				8D3FD48B1AAD3A3200E8A5F5 /* circle_drop_shadow_30p_stroke.png */,
				8D3FD48C1AAD3A3200E8A5F5 /* circle_drop_shadow_30p.png */,
				8D3FD48D1AAD3A3200E8A5F5 /* circle_drop_shadow_60p_stroke.png */,
				8D3FD48E1AAD3A3200E8A5F5 /* circle_drop_shadow.png */,
				8D3FD48F1AAD3A3200E8A5F5 /* circle_solid_30p.png */,
				8D3FD4901AAD3A3200E8A5F5 /* circle_solid.png */,
				8D115E521AAABDFE0034F4CE /* warning.png */,
				8D301A031AA413D0000C4FF7 /* arrow_next.png */,
			);
			name = Images;
			sourceTree = "<group>";
		};
		8D301A051AA41989000C4FF7 /* Locales */ = {
			isa = PBXGroup;
			children = (
				8D301A061AA419B4000C4FF7 /* help_de.json */,
				8D301A071AA419B4000C4FF7 /* help_en.json */,
				8D301A081AA419B4000C4FF7 /* help_es.json */,
				8D301A091AA419B4000C4FF7 /* help_fr.json */,
				8D301A0A1AA419B4000C4FF7 /* help_ph.json */,
				8D301A0B1AA419B4000C4FF7 /* help_pt.json */,
				8D301A0C1AA419B4000C4FF7 /* mobile_de.json */,
				8D301A0D1AA419B4000C4FF7 /* mobile_en.json */,
				8D301A0E1AA419B4000C4FF7 /* mobile_es.json */,
				8D301A0F1AA419B4000C4FF7 /* mobile_fr.json */,
				8D301A101AA419B4000C4FF7 /* mobile_ph.json */,
				8D301A111AA419B4000C4FF7 /* mobile_pt.json */,
			);
			name = Locales;
			sourceTree = "<group>";
		};
/* End PBXGroup section */

/* Begin PBXNativeTarget section */
		8D005F561AABBD5F00D75004 /* MayDay WatchKit Extension */ = {
			isa = PBXNativeTarget;
			buildConfigurationList = 8D005F7D1AABBD5F00D75004 /* Build configuration list for PBXNativeTarget "MayDay WatchKit Extension" */;
			buildPhases = (
				8D005F531AABBD5F00D75004 /* Sources */,
				8D005F541AABBD5F00D75004 /* Frameworks */,
				8D005F551AABBD5F00D75004 /* Resources */,
			);
			buildRules = (
			);
			dependencies = (
				8D005F6C1AABBD5F00D75004 /* PBXTargetDependency */,
			);
			name = "MayDay WatchKit Extension";
			productName = "MayDay WatchKit Extension";
			productReference = 8D005F571AABBD5F00D75004 /* MayDay WatchKit Extension.appex */;
			productType = "com.apple.product-type.watchkit-extension";
		};
		8D005F681AABBD5F00D75004 /* MayDay WatchKit App */ = {
			isa = PBXNativeTarget;
			buildConfigurationList = 8D005F7C1AABBD5F00D75004 /* Build configuration list for PBXNativeTarget "MayDay WatchKit App" */;
			buildPhases = (
				8D005F671AABBD5F00D75004 /* Resources */,
			);
			buildRules = (
			);
			dependencies = (
			);
			name = "MayDay WatchKit App";
			productName = "MayDay WatchKit App";
			productReference = 8D005F691AABBD5F00D75004 /* MayDay WatchKit App.app */;
			productType = "com.apple.product-type.application.watchapp";
		};
		8D3019D21AA40596000C4FF7 /* MayDay */ = {
			isa = PBXNativeTarget;
			buildConfigurationList = 8D3019F91AA40598000C4FF7 /* Build configuration list for PBXNativeTarget "MayDay" */;
			buildPhases = (
				8D3019CF1AA40596000C4FF7 /* Sources */,
				8D3019D01AA40596000C4FF7 /* Frameworks */,
				8D3019D11AA40596000C4FF7 /* Resources */,
				8D005F7E1AABBD5F00D75004 /* Embed App Extensions */,
				812CA6FB1AB79C8A000DB19C /* ShellScript */,
			);
			buildRules = (
			);
			dependencies = (
				8120504B1AB698B2005C7B32 /* PBXTargetDependency */,
			);
			name = MayDay;
			productName = MayDay;
			productReference = 8D3019D31AA40596000C4FF7 /* MayDay.app */;
			productType = "com.apple.product-type.application";
		};
		8D3019EE1AA40597000C4FF7 /* MayDayTests */ = {
			isa = PBXNativeTarget;
			buildConfigurationList = 8D3019FC1AA40598000C4FF7 /* Build configuration list for PBXNativeTarget "MayDayTests" */;
			buildPhases = (
				8D3019EB1AA40597000C4FF7 /* Sources */,
				8D3019EC1AA40597000C4FF7 /* Frameworks */,
				8D3019ED1AA40597000C4FF7 /* Resources */,
			);
			buildRules = (
			);
			dependencies = (
				8D3019F11AA40597000C4FF7 /* PBXTargetDependency */,
			);
			name = MayDayTests;
			productName = MayDayTests;
			productReference = 8D3019EF1AA40597000C4FF7 /* MayDayTests.xctest */;
			productType = "com.apple.product-type.bundle.unit-test";
		};
/* End PBXNativeTarget section */

/* Begin PBXProject section */
		8D3019CB1AA40596000C4FF7 /* Project object */ = {
			isa = PBXProject;
			attributes = {
				LastUpgradeCheck = 0610;
				ORGANIZATIONNAME = "John Shultz";
				TargetAttributes = {
					8D005F561AABBD5F00D75004 = {
						CreatedOnToolsVersion = 6.3;
					};
					8D005F681AABBD5F00D75004 = {
						CreatedOnToolsVersion = 6.3;
					};
					8D3019D21AA40596000C4FF7 = {
						CreatedOnToolsVersion = 6.1.1;
						DevelopmentTeam = YSGN98PM6X;
					};
					8D3019EE1AA40597000C4FF7 = {
						CreatedOnToolsVersion = 6.1.1;
						TestTargetID = 8D3019D21AA40596000C4FF7;
					};
				};
			};
			buildConfigurationList = 8D3019CE1AA40596000C4FF7 /* Build configuration list for PBXProject "MayDay" */;
			compatibilityVersion = "Xcode 3.2";
			developmentRegion = English;
			hasScannedForEncodings = 0;
			knownRegions = (
				en,
				Base,
			);
			mainGroup = 8D3019CA1AA40596000C4FF7;
			productRefGroup = 8D3019D41AA40596000C4FF7 /* Products */;
			projectDirPath = "";
			projectRoot = "";
			targets = (
				8D3019D21AA40596000C4FF7 /* MayDay */,
				8D3019EE1AA40597000C4FF7 /* MayDayTests */,
				8D005F561AABBD5F00D75004 /* MayDay WatchKit Extension */,
				8D005F681AABBD5F00D75004 /* MayDay WatchKit App */,
			);
		};
/* End PBXProject section */

/* Begin PBXResourcesBuildPhase section */
		8D005F551AABBD5F00D75004 /* Resources */ = {
			isa = PBXResourcesBuildPhase;
			buildActionMask = 2147483647;
			files = (
				8D005F661AABBD5F00D75004 /* Images.xcassets in Resources */,
				8D005F6A1AABBD5F00D75004 /* MayDay WatchKit App.app in Resources */,
			);
			runOnlyForDeploymentPostprocessing = 0;
		};
		8D005F671AABBD5F00D75004 /* Resources */ = {
			isa = PBXResourcesBuildPhase;
			buildActionMask = 2147483647;
			files = (
				8D005F721AABBD5F00D75004 /* Interface.storyboard in Resources */,
				8D005F741AABBD5F00D75004 /* Images.xcassets in Resources */,
			);
			runOnlyForDeploymentPostprocessing = 0;
		};
		8D3019D11AA40596000C4FF7 /* Resources */ = {
			isa = PBXResourcesBuildPhase;
			buildActionMask = 2147483647;
			files = (
				81F7B2531AB650060028D42E /* Images.xcassets in Resources */,
				8D99C6E51AB520F700E0ACB0 /* moms_typewriter.ttf in Resources */,
				8D99C6DF1AB50CDD00E0ACB0 /* 750x1334_iOS.jpg in Resources */,
				8D99C6E01AB50CDD00E0ACB0 /* 768x1024_iOS.jpg in Resources */,
				8D3FD4951AAD3A3200E8A5F5 /* circle_drop_shadow.png in Resources */,
				8D115E531AAABDFE0034F4CE /* warning.png in Resources */,
				8D3FD4A71AAD3A8600E8A5F5 /* socialperson.png in Resources */,
				8D3FD4A91AAD3A8600E8A5F5 /* texture.jpg in Resources */,
				8D3FD4A51AAD3A8600E8A5F5 /* save.png in Resources */,
				8D301A191AA419B5000C4FF7 /* mobile_en.json in Resources */,
				8D301A1D1AA419B5000C4FF7 /* mobile_pt.json in Resources */,
				8D301A181AA419B5000C4FF7 /* mobile_de.json in Resources */,
				8D3FD4961AAD3A3200E8A5F5 /* circle_solid_30p.png in Resources */,
				8D301A1C1AA419B5000C4FF7 /* mobile_ph.json in Resources */,
				8D301A121AA419B5000C4FF7 /* help_de.json in Resources */,
				8D3019EA1AA40597000C4FF7 /* LaunchScreen.xib in Resources */,
				8D99C6E41AB5144F00E0ACB0 /* state_settings_480x50.jpg in Resources */,
				8D301A131AA419B5000C4FF7 /* help_en.json in Resources */,
				8D301A151AA419B5000C4FF7 /* help_fr.json in Resources */,
				8D3FD4A81AAD3A8600E8A5F5 /* target.png in Resources */,
				8D301A1A1AA419B5000C4FF7 /* mobile_es.json in Resources */,
				8D99C6DD1AB50CDD00E0ACB0 /* 640x960_iOS.jpg in Resources */,
				8D3FD4911AAD3A3200E8A5F5 /* back.png in Resources */,
				8D301A041AA413D0000C4FF7 /* arrow_next.png in Resources */,
				8D99C6E11AB50CDD00E0ACB0 /* 1242x2208_iOS.jpg in Resources */,
				8D301A171AA419B5000C4FF7 /* help_pt.json in Resources */,
				8D3FD4931AAD3A3200E8A5F5 /* circle_drop_shadow_30p.png in Resources */,
				8D3FD4A31AAD3A8600E8A5F5 /* next.png in Resources */,
				8D99C6DE1AB50CDD00E0ACB0 /* 640x1136_iOS.jpg in Resources */,
				8D301A161AA419B5000C4FF7 /* help_ph.json in Resources */,
				8D3FD4AB1AAD3A8600E8A5F5 /* wizard_active.png in Resources */,
				8D3FD4941AAD3A3200E8A5F5 /* circle_drop_shadow_60p_stroke.png in Resources */,
				8D3FD4A41AAD3A8600E8A5F5 /* plus.png in Resources */,
				8D3FD4AD1AAD3A8600E8A5F5 /* wizard_inactive.png in Resources */,
				8D99C6E21AB50CDD00E0ACB0 /* 1536x2048_iOS.jpg in Resources */,
				8D301A1B1AA419B5000C4FF7 /* mobile_fr.json in Resources */,
				8D3FD4831AAD1C4A00E8A5F5 /* Main.storyboard in Resources */,
				8D301A141AA419B5000C4FF7 /* help_es.json in Resources */,
				8D3FD4AA1AAD3A8600E8A5F5 /* tick_green.png in Resources */,
				8D3FD4921AAD3A3200E8A5F5 /* circle_drop_shadow_30p_stroke.png in Resources */,
				8D99C6DC1AB50CDD00E0ACB0 /* 320x480_iOS.jpg in Resources */,
				8D3019E71AA40597000C4FF7 /* Images.xcassets in Resources */,
				8D3FD4971AAD3A3200E8A5F5 /* circle_solid.png in Resources */,
			);
			runOnlyForDeploymentPostprocessing = 0;
		};
		8D3019ED1AA40597000C4FF7 /* Resources */ = {
			isa = PBXResourcesBuildPhase;
			buildActionMask = 2147483647;
			files = (
			);
			runOnlyForDeploymentPostprocessing = 0;
		};
/* End PBXResourcesBuildPhase section */

/* Begin PBXShellScriptBuildPhase section */
		812CA6FB1AB79C8A000DB19C /* ShellScript */ = {
			isa = PBXShellScriptBuildPhase;
			buildActionMask = 2147483647;
			files = (
			);
			inputPaths = (
			);
			outputPaths = (
			);
			runOnlyForDeploymentPostprocessing = 0;
			shellPath = /bin/sh;
			shellScript = "./Fabric.framework/run b0b11e9239f6ebe42a15ff7737b6cb7ca3064d69 20573fcee9a73a0dda3af640bab5c776fb66c136211b5b0f7b7d6b4970b80ec7";
		};
/* End PBXShellScriptBuildPhase section */

/* Begin PBXSourcesBuildPhase section */
		8D005F531AABBD5F00D75004 /* Sources */ = {
			isa = PBXSourcesBuildPhase;
			buildActionMask = 2147483647;
			files = (
				8D005F611AABBD5F00D75004 /* NotificationController.m in Sources */,
				8D005F5E1AABBD5F00D75004 /* InterfaceController.m in Sources */,
				8D005F641AABBD5F00D75004 /* GlanceController.m in Sources */,
			);
			runOnlyForDeploymentPostprocessing = 0;
		};
		8D3019CF1AA40596000C4FF7 /* Sources */ = {
			isa = PBXSourcesBuildPhase;
			buildActionMask = 2147483647;
			files = (
				8D3019DC1AA40597000C4FF7 /* AppDelegate.m in Sources */,
				8D3019D91AA40596000C4FF7 /* main.m in Sources */,
				8D3019E21AA40597000C4FF7 /* ViewController.m in Sources */,
				8D3019DF1AA40597000C4FF7 /* MayDay.xcdatamodeld in Sources */,
			);
			runOnlyForDeploymentPostprocessing = 0;
		};
		8D3019EB1AA40597000C4FF7 /* Sources */ = {
			isa = PBXSourcesBuildPhase;
			buildActionMask = 2147483647;
			files = (
				8D3019F61AA40598000C4FF7 /* MayDayTests.m in Sources */,
			);
			runOnlyForDeploymentPostprocessing = 0;
		};
/* End PBXSourcesBuildPhase section */

/* Begin PBXTargetDependency section */
		8120504B1AB698B2005C7B32 /* PBXTargetDependency */ = {
			isa = PBXTargetDependency;
			target = 8D005F561AABBD5F00D75004 /* MayDay WatchKit Extension */;
			targetProxy = 8120504A1AB698B2005C7B32 /* PBXContainerItemProxy */;
		};
		8D005F6C1AABBD5F00D75004 /* PBXTargetDependency */ = {
			isa = PBXTargetDependency;
			target = 8D005F681AABBD5F00D75004 /* MayDay WatchKit App */;
			targetProxy = 8D005F6B1AABBD5F00D75004 /* PBXContainerItemProxy */;
		};
		8D3019F11AA40597000C4FF7 /* PBXTargetDependency */ = {
			isa = PBXTargetDependency;
			target = 8D3019D21AA40596000C4FF7 /* MayDay */;
			targetProxy = 8D3019F01AA40597000C4FF7 /* PBXContainerItemProxy */;
		};
/* End PBXTargetDependency section */

/* Begin PBXVariantGroup section */
		8D005F701AABBD5F00D75004 /* Interface.storyboard */ = {
			isa = PBXVariantGroup;
			children = (
				8D005F711AABBD5F00D75004 /* Base */,
			);
			name = Interface.storyboard;
			sourceTree = "<group>";
		};
		8D3019E81AA40597000C4FF7 /* LaunchScreen.xib */ = {
			isa = PBXVariantGroup;
			children = (
				8D3019E91AA40597000C4FF7 /* Base */,
			);
			name = LaunchScreen.xib;
			sourceTree = "<group>";
		};
		8D3FD4811AAD1C4A00E8A5F5 /* Main.storyboard */ = {
			isa = PBXVariantGroup;
			children = (
				8D3FD4821AAD1C4A00E8A5F5 /* Base */,
			);
			name = Main.storyboard;
			sourceTree = "<group>";
		};
/* End PBXVariantGroup section */

/* Begin XCBuildConfiguration section */
		8D005F781AABBD5F00D75004 /* Debug */ = {
			isa = XCBuildConfiguration;
			buildSettings = {
				DEBUG_INFORMATION_FORMAT = dwarf;
				GCC_PREPROCESSOR_DEFINITIONS = (
					"DEBUG=1",
					"$(inherited)",
				);
				INFOPLIST_FILE = "MayDay WatchKit Extension/Info.plist";
				IPHONEOS_DEPLOYMENT_TARGET = 8.3;
				LD_RUNPATH_SEARCH_PATHS = "$(inherited) @executable_path/Frameworks @executable_path/../../Frameworks";
				PRODUCT_NAME = "${TARGET_NAME}";
				SKIP_INSTALL = YES;
			};
			name = Debug;
		};
		8D005F791AABBD5F00D75004 /* Release */ = {
			isa = XCBuildConfiguration;
			buildSettings = {
				COPY_PHASE_STRIP = NO;
				DEBUG_INFORMATION_FORMAT = "dwarf-with-dsym";
				INFOPLIST_FILE = "MayDay WatchKit Extension/Info.plist";
				IPHONEOS_DEPLOYMENT_TARGET = 8.3;
				LD_RUNPATH_SEARCH_PATHS = "$(inherited) @executable_path/Frameworks @executable_path/../../Frameworks";
				PRODUCT_NAME = "${TARGET_NAME}";
				SKIP_INSTALL = YES;
			};
			name = Release;
		};
		8D005F7A1AABBD5F00D75004 /* Debug */ = {
			isa = XCBuildConfiguration;
			buildSettings = {
				ASSETCATALOG_COMPILER_APPICON_NAME = AppIcon;
				DEBUG_INFORMATION_FORMAT = dwarf;
				GCC_PREPROCESSOR_DEFINITIONS = (
					"DEBUG=1",
					"$(inherited)",
				);
				IBSC_MODULE = MayDay_WatchKit_Extension;
				INFOPLIST_FILE = "MayDay WatchKit App/Info.plist";
				IPHONEOS_DEPLOYMENT_TARGET = 8.3;
				PRODUCT_NAME = "$(TARGET_NAME)";
				SKIP_INSTALL = YES;
				TARGETED_DEVICE_FAMILY = 4;
				"TARGETED_DEVICE_FAMILY[sdk=iphonesimulator*]" = "1,4";
			};
			name = Debug;
		};
		8D005F7B1AABBD5F00D75004 /* Release */ = {
			isa = XCBuildConfiguration;
			buildSettings = {
				ASSETCATALOG_COMPILER_APPICON_NAME = AppIcon;
				COPY_PHASE_STRIP = NO;
				DEBUG_INFORMATION_FORMAT = "dwarf-with-dsym";
				IBSC_MODULE = MayDay_WatchKit_Extension;
				INFOPLIST_FILE = "MayDay WatchKit App/Info.plist";
				IPHONEOS_DEPLOYMENT_TARGET = 8.3;
				PRODUCT_NAME = "$(TARGET_NAME)";
				SKIP_INSTALL = YES;
				TARGETED_DEVICE_FAMILY = 4;
				"TARGETED_DEVICE_FAMILY[sdk=iphonesimulator*]" = "1,4";
			};
			name = Release;
		};
		8D3019F71AA40598000C4FF7 /* Debug */ = {
			isa = XCBuildConfiguration;
			buildSettings = {
				ALWAYS_SEARCH_USER_PATHS = NO;
				CLANG_CXX_LANGUAGE_STANDARD = "gnu++0x";
				CLANG_CXX_LIBRARY = "libc++";
				CLANG_ENABLE_MODULES = YES;
				CLANG_ENABLE_OBJC_ARC = YES;
				CLANG_WARN_BOOL_CONVERSION = YES;
				CLANG_WARN_CONSTANT_CONVERSION = YES;
				CLANG_WARN_DIRECT_OBJC_ISA_USAGE = YES_ERROR;
				CLANG_WARN_EMPTY_BODY = YES;
				CLANG_WARN_ENUM_CONVERSION = YES;
				CLANG_WARN_INT_CONVERSION = YES;
				CLANG_WARN_OBJC_ROOT_CLASS = YES_ERROR;
				CLANG_WARN_UNREACHABLE_CODE = YES;
				CLANG_WARN__DUPLICATE_METHOD_MATCH = YES;
				"CODE_SIGN_IDENTITY[sdk=iphoneos*]" = "iPhone Developer";
				COPY_PHASE_STRIP = NO;
				ENABLE_STRICT_OBJC_MSGSEND = YES;
				GCC_C_LANGUAGE_STANDARD = gnu99;
				GCC_DYNAMIC_NO_PIC = NO;
				GCC_OPTIMIZATION_LEVEL = 0;
				GCC_PREPROCESSOR_DEFINITIONS = (
					"DEBUG=1",
					"$(inherited)",
				);
				GCC_SYMBOLS_PRIVATE_EXTERN = NO;
				GCC_WARN_64_TO_32_BIT_CONVERSION = YES;
				GCC_WARN_ABOUT_RETURN_TYPE = YES_ERROR;
				GCC_WARN_UNDECLARED_SELECTOR = YES;
				GCC_WARN_UNINITIALIZED_AUTOS = YES_AGGRESSIVE;
				GCC_WARN_UNUSED_FUNCTION = YES;
				GCC_WARN_UNUSED_VARIABLE = YES;
				IPHONEOS_DEPLOYMENT_TARGET = 8.1;
				MTL_ENABLE_DEBUG_INFO = YES;
				ONLY_ACTIVE_ARCH = YES;
				SDKROOT = iphoneos;
				TARGETED_DEVICE_FAMILY = "1,2";
			};
			name = Debug;
		};
		8D3019F81AA40598000C4FF7 /* Release */ = {
			isa = XCBuildConfiguration;
			buildSettings = {
				ALWAYS_SEARCH_USER_PATHS = NO;
				CLANG_CXX_LANGUAGE_STANDARD = "gnu++0x";
				CLANG_CXX_LIBRARY = "libc++";
				CLANG_ENABLE_MODULES = YES;
				CLANG_ENABLE_OBJC_ARC = YES;
				CLANG_WARN_BOOL_CONVERSION = YES;
				CLANG_WARN_CONSTANT_CONVERSION = YES;
				CLANG_WARN_DIRECT_OBJC_ISA_USAGE = YES_ERROR;
				CLANG_WARN_EMPTY_BODY = YES;
				CLANG_WARN_ENUM_CONVERSION = YES;
				CLANG_WARN_INT_CONVERSION = YES;
				CLANG_WARN_OBJC_ROOT_CLASS = YES_ERROR;
				CLANG_WARN_UNREACHABLE_CODE = YES;
				CLANG_WARN__DUPLICATE_METHOD_MATCH = YES;
				"CODE_SIGN_IDENTITY[sdk=iphoneos*]" = "iPhone Developer";
				COPY_PHASE_STRIP = YES;
				ENABLE_NS_ASSERTIONS = NO;
				ENABLE_STRICT_OBJC_MSGSEND = YES;
				GCC_C_LANGUAGE_STANDARD = gnu99;
				GCC_WARN_64_TO_32_BIT_CONVERSION = YES;
				GCC_WARN_ABOUT_RETURN_TYPE = YES_ERROR;
				GCC_WARN_UNDECLARED_SELECTOR = YES;
				GCC_WARN_UNINITIALIZED_AUTOS = YES_AGGRESSIVE;
				GCC_WARN_UNUSED_FUNCTION = YES;
				GCC_WARN_UNUSED_VARIABLE = YES;
				IPHONEOS_DEPLOYMENT_TARGET = 8.1;
				MTL_ENABLE_DEBUG_INFO = NO;
				SDKROOT = iphoneos;
				TARGETED_DEVICE_FAMILY = "1,2";
				VALIDATE_PRODUCT = YES;
			};
			name = Release;
		};
		8D3019FA1AA40598000C4FF7 /* Debug */ = {
			isa = XCBuildConfiguration;
			buildSettings = {
				ASSETCATALOG_COMPILER_APPICON_NAME = AppIcon;
				ASSETCATALOG_COMPILER_LAUNCHIMAGE_NAME = LaunchImage;
				CODE_SIGN_IDENTITY = "iPhone Developer";
				FRAMEWORK_SEARCH_PATHS = (
					"$(inherited)",
					"$(PROJECT_DIR)",
				);
				INFOPLIST_FILE = MayDay/Info.plist;
				IPHONEOS_DEPLOYMENT_TARGET = 7.1;
				LD_RUNPATH_SEARCH_PATHS = "$(inherited) @executable_path/Frameworks";
				PRODUCT_NAME = "$(TARGET_NAME)";
				TARGETED_DEVICE_FAMILY = 1;
			};
			name = Debug;
		};
		8D3019FB1AA40598000C4FF7 /* Release */ = {
			isa = XCBuildConfiguration;
			buildSettings = {
				ASSETCATALOG_COMPILER_APPICON_NAME = AppIcon;
				ASSETCATALOG_COMPILER_LAUNCHIMAGE_NAME = LaunchImage;
				CODE_SIGN_IDENTITY = "iPhone Developer";
				FRAMEWORK_SEARCH_PATHS = (
					"$(inherited)",
					"$(PROJECT_DIR)",
				);
				INFOPLIST_FILE = MayDay/Info.plist;
				IPHONEOS_DEPLOYMENT_TARGET = 7.1;
				LD_RUNPATH_SEARCH_PATHS = "$(inherited) @executable_path/Frameworks";
				PRODUCT_NAME = "$(TARGET_NAME)";
				TARGETED_DEVICE_FAMILY = 1;
			};
			name = Release;
		};
		8D3019FD1AA40598000C4FF7 /* Debug */ = {
			isa = XCBuildConfiguration;
			buildSettings = {
				BUNDLE_LOADER = "$(TEST_HOST)";
				FRAMEWORK_SEARCH_PATHS = (
					"$(SDKROOT)/Developer/Library/Frameworks",
					"$(inherited)",
				);
				GCC_PREPROCESSOR_DEFINITIONS = (
					"DEBUG=1",
					"$(inherited)",
				);
				INFOPLIST_FILE = MayDayTests/Info.plist;
				LD_RUNPATH_SEARCH_PATHS = "$(inherited) @executable_path/Frameworks @loader_path/Frameworks";
				PRODUCT_NAME = "$(TARGET_NAME)";
				TEST_HOST = "$(BUILT_PRODUCTS_DIR)/MayDay.app/MayDay";
			};
			name = Debug;
		};
		8D3019FE1AA40598000C4FF7 /* Release */ = {
			isa = XCBuildConfiguration;
			buildSettings = {
				BUNDLE_LOADER = "$(TEST_HOST)";
				FRAMEWORK_SEARCH_PATHS = (
					"$(SDKROOT)/Developer/Library/Frameworks",
					"$(inherited)",
				);
				INFOPLIST_FILE = MayDayTests/Info.plist;
				LD_RUNPATH_SEARCH_PATHS = "$(inherited) @executable_path/Frameworks @loader_path/Frameworks";
				PRODUCT_NAME = "$(TARGET_NAME)";
				TEST_HOST = "$(BUILT_PRODUCTS_DIR)/MayDay.app/MayDay";
			};
			name = Release;
		};
/* End XCBuildConfiguration section */

/* Begin XCConfigurationList section */
		8D005F7C1AABBD5F00D75004 /* Build configuration list for PBXNativeTarget "MayDay WatchKit App" */ = {
			isa = XCConfigurationList;
			buildConfigurations = (
				8D005F7A1AABBD5F00D75004 /* Debug */,
				8D005F7B1AABBD5F00D75004 /* Release */,
			);
			defaultConfigurationIsVisible = 0;
			defaultConfigurationName = Release;
		};
		8D005F7D1AABBD5F00D75004 /* Build configuration list for PBXNativeTarget "MayDay WatchKit Extension" */ = {
			isa = XCConfigurationList;
			buildConfigurations = (
				8D005F781AABBD5F00D75004 /* Debug */,
				8D005F791AABBD5F00D75004 /* Release */,
			);
			defaultConfigurationIsVisible = 0;
			defaultConfigurationName = Release;
		};
		8D3019CE1AA40596000C4FF7 /* Build configuration list for PBXProject "MayDay" */ = {
			isa = XCConfigurationList;
			buildConfigurations = (
				8D3019F71AA40598000C4FF7 /* Debug */,
				8D3019F81AA40598000C4FF7 /* Release */,
			);
			defaultConfigurationIsVisible = 0;
			defaultConfigurationName = Release;
		};
		8D3019F91AA40598000C4FF7 /* Build configuration list for PBXNativeTarget "MayDay" */ = {
			isa = XCConfigurationList;
			buildConfigurations = (
				8D3019FA1AA40598000C4FF7 /* Debug */,
				8D3019FB1AA40598000C4FF7 /* Release */,
			);
			defaultConfigurationIsVisible = 0;
			defaultConfigurationName = Release;
		};
		8D3019FC1AA40598000C4FF7 /* Build configuration list for PBXNativeTarget "MayDayTests" */ = {
			isa = XCConfigurationList;
			buildConfigurations = (
				8D3019FD1AA40598000C4FF7 /* Debug */,
				8D3019FE1AA40598000C4FF7 /* Release */,
			);
			defaultConfigurationIsVisible = 0;
			defaultConfigurationName = Release;
		};
/* End XCConfigurationList section */

/* Begin XCVersionGroup section */
		8D3019DD1AA40597000C4FF7 /* MayDay.xcdatamodeld */ = {
			isa = XCVersionGroup;
			children = (
				8D3019DE1AA40597000C4FF7 /* MayDay.xcdatamodel */,
			);
			currentVersion = 8D3019DE1AA40597000C4FF7 /* MayDay.xcdatamodel */;
			path = MayDay.xcdatamodeld;
			sourceTree = "<group>";
			versionGroupType = wrapper.xcdatamodel;
		};
/* End XCVersionGroup section */
	};
	rootObject = 8D3019CB1AA40596000C4FF7 /* Project object */;
}
